
Microsoft Visual Studio Solution File, Format Version 12.00
# Visual Studio Version 16
VisualStudioVersion = 16.0.31515.178
MinimumVisualStudioVersion = 10.0.40219.1
Project("{FAE04EC0-301F-11D3-BF4B-00C04F79EFBC}") = "CollgeWebsite", "CollgeWebsite.csproj", "{2C74E911-38FC-4CE8-94ED-E27F5BD7EA17}"
EndProject
Global
	GlobalSection(SolutionConfigurationPlatforms) = preSolution
		Debug|Any CPU = Debug|Any CPU
		Release|Any CPU = Release|Any CPU
	EndGlobalSection
	GlobalSection(ProjectConfigurationPlatforms) = postSolution
		{2C74E911-38FC-4CE8-94ED-E27F5BD7EA17}.Debug|Any CPU.ActiveCfg = Debug|Any CPU
		{2C74E911-38FC-4CE8-94ED-E27F5BD7EA17}.Debug|Any CPU.Build.0 = Debug|Any CPU
		{2C74E911-38FC-4CE8-94ED-E27F5BD7EA17}.Release|Any CPU.ActiveCfg = Release|Any CPU
		{2C74E911-38FC-4CE8-94ED-E27F5BD7EA17}.Release|Any CPU.Build.0 = Release|Any CPU
	EndGlobalSection
	GlobalSection(SolutionProperties) = preSolution
		HideSolutionNode = FALSE
	EndGlobalSection
	GlobalSection(ExtensibilityGlobals) = postSolution
		SolutionGuid = {F69F9CE5-D43E-4E6F-8E0D-CFE3C9D7E531}
	EndGlobalSection
EndGlobal
